<?xml version="1.0" encoding="utf-8"?>
<Project ToolsVersion="4.0" xmlns="http://schemas.microsoft.com/developer/msbuild/2003">
  <ItemGroup>
    <Filter Include="src">
      <UniqueIdentifier>{2a7abd2f-9c5b-4d5f-80db-fdf05a5ada8d}</UniqueIdentifier>
    </Filter>
    <Filter Include="include">
      <UniqueIdentifier>{f5d9370c-38a3-470c-b55e-880812ee2cb7}</UniqueIdentifier>
    </Filter>
    <Filter Include="include\server">
      <UniqueIdentifier>{0ff60fb6-d544-402c-b014-b763af5db9f3}</UniqueIdentifier>
    </Filter>
    <Filter Include="include\util">
      <UniqueIdentifier>{9412eac3-2d32-4274-9d7a-4e287b5c9a90}</UniqueIdentifier>
    </Filter>
    <Filter Include="include\socket">
      <UniqueIdentifier>{f48409c5-7eae-4dc5-a876-eef41756029d}</UniqueIdentifier>
    </Filter>
    <Filter Include="include\exception">
      <UniqueIdentifier>{f7e596c9-c178-45c9-8649-f5eb2778c4e6}</UniqueIdentifier>
    </Filter>
    <Filter Include="include\server\http">
      <UniqueIdentifier>{d5928138-0833-42cd-9271-20a07c2215e6}</UniqueIdentifier>
    </Filter>
    <Filter Include="include\stream">
      <UniqueIdentifier>{92b31a28-34fa-4517-aa44-aeaa453d718d}</UniqueIdentifier>
    </Filter>
    <Filter Include="include\content">
      <UniqueIdentifier>{490887fb-e75f-400b-a635-aa3185828b7e}</UniqueIdentifier>
    </Filter>
    <Filter Include="include\server\redis">
      <UniqueIdentifier>{a9d0a3ad-c840-41c0-aebd-fba7225a6b93}</UniqueIdentifier>
    </Filter>
    <Filter Include="include\oauth">
      <UniqueIdentifier>{8b7492ae-e558-44af-a820-e2685d58aee7}</UniqueIdentifier>
    </Filter>
    <Filter Include="include\session-manager">
      <UniqueIdentifier>{3f242a43-2252-4eac-acab-2ec50b533421}</UniqueIdentifier>
    </Filter>
    <Filter Include="include\database">
      <UniqueIdentifier>{145af1cb-b0e1-4ea1-8056-9da4965550d6}</UniqueIdentifier>
    </Filter>
    <Filter Include="include\serialization">
      <UniqueIdentifier>{db3f6d87-a5d5-4d70-81a9-853673e06a62}</UniqueIdentifier>
    </Filter>
    <Filter Include="include\serialization\archive">
      <UniqueIdentifier>{80d1e3b8-0ee6-472d-b2db-09ed352b7563}</UniqueIdentifier>
    </Filter>
    <Filter Include="include\sync">
      <UniqueIdentifier>{259655eb-d1de-4043-b84a-5152286aeee5}</UniqueIdentifier>
    </Filter>
  </ItemGroup>
  <ItemGroup>
    <ClCompile Include="main.cpp">
      <Filter>src</Filter>
    </ClCompile>
    <ClCompile Include="$(MSBuildThisFileDirectory)..\..\lib\native\src\boost_iostreams_zlib-src.gzip.cpp">
      <Filter>src</Filter>
    </ClCompile>
    <ClCompile Include="$(MSBuildThisFileDirectory)..\..\lib\native\src\boost_iostreams_zlib-src.zlib.cpp">
      <Filter>src</Filter>
    </ClCompile>
  </ItemGroup>
  <ItemGroup>
    <ClInclude Include="..\include\kumori\kumori.hpp">
      <Filter>include</Filter>
    </ClInclude>
    <ClInclude Include="..\include\kumori\server.hpp">
      <Filter>include\server</Filter>
    </ClInclude>
    <ClInclude Include="..\include\kumori\server_config.hpp">
      <Filter>include\server</Filter>
    </ClInclude>
    <ClInclude Include="..\include\kumori\server_context.hpp">
      <Filter>include\server</Filter>
    </ClInclude>
    <ClInclude Include="..\include\kumori\socket.hpp">
      <Filter>include\socket</Filter>
    </ClInclude>
    <ClInclude Include="..\include\kumori\interrupted_exception.hpp">
      <Filter>include\exception</Filter>
    </ClInclude>
    <ClInclude Include="..\include\kumori\exception.hpp">
      <Filter>include\exception</Filter>
    </ClInclude>
    <ClInclude Include="..\include\kumori\socket_adaptor.hpp">
      <Filter>include\socket</Filter>
    </ClInclude>
    <ClInclude Include="..\include\kumori\secure_socket.hpp">
      <Filter>include\socket</Filter>
    </ClInclude>
    <ClInclude Include="..\include\kumori\invalid_operation_exception.hpp">
      <Filter>include\exception</Filter>
    </ClInclude>
    <ClInclude Include="..\include\kumori\io_processor.hpp">
      <Filter>include\util</Filter>
    </ClInclude>
    <ClInclude Include="..\include\kumori\http_server.hpp">
      <Filter>include\server\http</Filter>
    </ClInclude>
    <ClInclude Include="..\include\kumori\http_server_config.hpp">
      <Filter>include\server\http</Filter>
    </ClInclude>
    <ClInclude Include="..\include\kumori\http_server_context.hpp">
      <Filter>include\server\http</Filter>
    </ClInclude>
    <ClInclude Include="..\include\kumori\http_context.hpp">
      <Filter>include\server\http</Filter>
    </ClInclude>
    <ClInclude Include="..\include\kumori\http_request.hpp">
      <Filter>include\server\http</Filter>
    </ClInclude>
    <ClInclude Include="..\include\kumori\http_response.hpp">
      <Filter>include\server\http</Filter>
    </ClInclude>
    <ClInclude Include="..\include\kumori\http_request_response.hpp">
      <Filter>include\server\http</Filter>
    </ClInclude>
    <ClInclude Include="..\include\kumori\http_cookie.hpp">
      <Filter>include\server\http</Filter>
    </ClInclude>
    <ClInclude Include="..\include\kumori\date_time_util.hpp">
      <Filter>include\util</Filter>
    </ClInclude>
    <ClInclude Include="..\include\kumori\http_status_code.hpp">
      <Filter>include\server\http</Filter>
    </ClInclude>
    <ClInclude Include="..\include\kumori\http_entity_header.hpp">
      <Filter>include\server\http</Filter>
    </ClInclude>
    <ClInclude Include="..\include\kumori\http_content_encoding.hpp">
      <Filter>include\server\http</Filter>
    </ClInclude>
    <ClInclude Include="..\include\kumori\http_method.hpp">
      <Filter>include\server\http</Filter>
    </ClInclude>
    <ClInclude Include="..\include\kumori\http_exception.hpp">
      <Filter>include\exception</Filter>
    </ClInclude>
    <ClInclude Include="..\include\kumori\socket_streambuf.hpp">
      <Filter>include\stream</Filter>
    </ClInclude>
    <ClInclude Include="..\include\kumori\chunked_decoder.hpp">
      <Filter>include\stream</Filter>
    </ClInclude>
    <ClInclude Include="..\include\kumori\chunked_encoder.hpp">
      <Filter>include\stream</Filter>
    </ClInclude>
    <ClInclude Include="..\include\kumori\string_util.hpp">
      <Filter>include\util</Filter>
    </ClInclude>
    <ClInclude Include="..\include\kumori\stream_exception.hpp">
      <Filter>include\exception</Filter>
    </ClInclude>
    <ClInclude Include="..\include\kumori\constant_strings.hpp">
      <Filter>include\util</Filter>
    </ClInclude>
    <ClInclude Include="..\include\kumori\protocol.hpp">
      <Filter>include\util</Filter>
    </ClInclude>
    <ClInclude Include="..\include\kumori\char_table.hpp">
      <Filter>include\util</Filter>
    </ClInclude>
    <ClInclude Include="..\include\kumori\http_connection_token.hpp">
      <Filter>include\server\http</Filter>
    </ClInclude>
    <ClInclude Include="..\include\kumori\stream_util.hpp">
      <Filter>include\util</Filter>
    </ClInclude>
    <ClInclude Include="..\include\kumori\null_content.hpp">
      <Filter>include\content</Filter>
    </ClInclude>
    <ClInclude Include="..\include\kumori\not_implemented_exception.hpp">
      <Filter>include\exception</Filter>
    </ClInclude>
    <ClInclude Include="..\include\kumori\client_config.hpp">
      <Filter>include\server</Filter>
    </ClInclude>
    <ClInclude Include="..\include\kumori\client.hpp">
      <Filter>include\server</Filter>
    </ClInclude>
    <ClInclude Include="..\include\kumori\http_client.hpp">
      <Filter>include\server\http</Filter>
    </ClInclude>
    <ClInclude Include="..\include\kumori\http_client_config.hpp">
      <Filter>include\server\http</Filter>
    </ClInclude>
    <ClInclude Include="..\include\kumori\http_config.hpp">
      <Filter>include\server\http</Filter>
    </ClInclude>
    <ClInclude Include="..\include\kumori\http_parse_exception.hpp">
      <Filter>include\exception</Filter>
    </ClInclude>
    <ClInclude Include="..\include\kumori\limit_length_filter.hpp">
      <Filter>include\stream</Filter>
    </ClInclude>
    <ClInclude Include="..\include\kumori\content.hpp">
      <Filter>include\content</Filter>
    </ClInclude>
    <ClInclude Include="..\include\kumori\static_content.hpp">
      <Filter>include\content</Filter>
    </ClInclude>
    <ClInclude Include="..\include\kumori\compression_util.hpp">
      <Filter>include\util</Filter>
    </ClInclude>
    <ClInclude Include="..\include\kumori\hash_util.hpp">
      <Filter>include\util</Filter>
    </ClInclude>
    <ClInclude Include="..\include\kumori\base64_util.hpp">
      <Filter>include\util</Filter>
    </ClInclude>
    <ClInclude Include="..\include\kumori\directory_content.hpp">
      <Filter>include\content</Filter>
    </ClInclude>
    <ClInclude Include="..\include\kumori\regex_content.hpp">
      <Filter>include\content</Filter>
    </ClInclude>
    <ClInclude Include="..\include\kumori\regex_content_proxy.hpp">
      <Filter>include\content</Filter>
    </ClInclude>
    <ClInclude Include="..\include\kumori\enum_hash.hpp">
      <Filter>include\util</Filter>
    </ClInclude>
    <ClInclude Include="..\include\kumori\directory_config.hpp">
      <Filter>include\content</Filter>
    </ClInclude>
    <ClInclude Include="..\include\kumori\path_exception.hpp">
      <Filter>include\exception</Filter>
    </ClInclude>
    <ClInclude Include="..\include\kumori\moved_content.hpp">
      <Filter>include\content</Filter>
    </ClInclude>
    <ClInclude Include="..\include\kumori\redis_client.hpp">
      <Filter>include\server\redis</Filter>
    </ClInclude>
    <ClInclude Include="..\include\kumori\redis_client_config.hpp">
      <Filter>include\server\redis</Filter>
    </ClInclude>
    <ClInclude Include="..\include\kumori\redis_exception.hpp">
      <Filter>include\exception</Filter>
    </ClInclude>
    <ClInclude Include="..\include\kumori\resp.hpp">
      <Filter>include\server\redis</Filter>
    </ClInclude>
    <ClInclude Include="..\include\kumori\redis_client_type.hpp">
      <Filter>include\server\redis</Filter>
    </ClInclude>
    <ClInclude Include="..\include\kumori\oauth.hpp">
      <Filter>include\oauth</Filter>
    </ClInclude>
    <ClInclude Include="..\include\kumori\oauth_10.hpp">
      <Filter>include\oauth</Filter>
    </ClInclude>
    <ClInclude Include="..\include\kumori\oauth_content.hpp">
      <Filter>include\content</Filter>
    </ClInclude>
    <ClInclude Include="..\include\kumori\oauth_config.hpp">
      <Filter>include\oauth</Filter>
    </ClInclude>
    <ClInclude Include="..\include\kumori\url_exception.hpp">
      <Filter>include\exception</Filter>
    </ClInclude>
    <ClInclude Include="..\include\kumori\url.hpp">
      <Filter>include\util</Filter>
    </ClInclude>
    <ClInclude Include="..\include\kumori\url_util.hpp">
      <Filter>include\util</Filter>
    </ClInclude>
    <ClInclude Include="..\include\kumori\oauth_10_config.hpp">
      <Filter>include\oauth</Filter>
    </ClInclude>
    <ClInclude Include="..\include\kumori\oauth_20_config.hpp">
      <Filter>include\oauth</Filter>
    </ClInclude>
    <ClInclude Include="..\include\kumori\oauth_google_config.hpp">
      <Filter>include\oauth</Filter>
    </ClInclude>
    <ClInclude Include="..\include\kumori\oauth_twitter_config.hpp">
      <Filter>include\oauth</Filter>
    </ClInclude>
    <ClInclude Include="..\include\kumori\secure_random.hpp">
      <Filter>include\util</Filter>
    </ClInclude>
    <ClInclude Include="..\include\kumori\session_manager.hpp">
      <Filter>include\session-manager</Filter>
    </ClInclude>
    <ClInclude Include="..\include\kumori\oauth_twitter.hpp">
      <Filter>include\oauth</Filter>
    </ClInclude>
    <ClInclude Include="..\include\kumori\user_info.hpp">
      <Filter>include\session-manager</Filter>
    </ClInclude>
    <ClInclude Include="..\include\kumori\picojson_exception.hpp">
      <Filter>include\exception</Filter>
    </ClInclude>
    <ClInclude Include="..\include\kumori\oauth_callback_content.hpp">
      <Filter>include\content</Filter>
    </ClInclude>
    <ClInclude Include="..\include\kumori\oauth_exception.hpp">
      <Filter>include\exception</Filter>
    </ClInclude>
    <ClInclude Include="..\include\kumori\database.hpp">
      <Filter>include\database</Filter>
    </ClInclude>
    <ClInclude Include="..\include\kumori\redis_database.hpp">
      <Filter>include\database</Filter>
    </ClInclude>
    <ClInclude Include="..\include\kumori\redis_database_config.hpp">
      <Filter>include\database</Filter>
    </ClInclude>
    <ClInclude Include="..\include\kumori\database_connection.hpp">
      <Filter>include\database</Filter>
    </ClInclude>
    <ClInclude Include="..\include\kumori\redis_database_connection.hpp">
      <Filter>include\database</Filter>
    </ClInclude>
    <ClInclude Include="..\include\kumori\archive_mode.hpp">
      <Filter>include\serialization\archive</Filter>
    </ClInclude>
    <ClInclude Include="..\include\kumori\output_archive.hpp">
      <Filter>include\serialization\archive</Filter>
    </ClInclude>
    <ClInclude Include="..\include\kumori\serialization_traits.hpp">
      <Filter>include\serialization</Filter>
    </ClInclude>
    <ClInclude Include="..\include\kumori\string_code.hpp">
      <Filter>include\serialization\archive</Filter>
    </ClInclude>
    <ClInclude Include="..\include\kumori\input_archive.hpp">
      <Filter>include\serialization\archive</Filter>
    </ClInclude>
    <ClInclude Include="..\include\kumori\archive_exception.hpp">
      <Filter>include\exception</Filter>
    </ClInclude>
    <ClInclude Include="..\include\kumori\serialization.hpp">
      <Filter>include\serialization</Filter>
    </ClInclude>
    <ClInclude Include="..\include\kumori\serialize_split.hpp">
      <Filter>include\serialization</Filter>
    </ClInclude>
    <ClInclude Include="..\include\kumori\session.hpp">
      <Filter>include\session-manager</Filter>
    </ClInclude>
    <ClInclude Include="..\include\kumori\csrf_exception.hpp">
      <Filter>include\exception</Filter>
    </ClInclude>
    <ClInclude Include="..\include\kumori\uuid_serializer.hpp">
      <Filter>include\serialization</Filter>
    </ClInclude>
    <ClInclude Include="..\include\kumori\time_serializer.hpp">
      <Filter>include\serialization</Filter>
    </ClInclude>
    <ClInclude Include="..\include\kumori\optional_serializer.hpp">
      <Filter>include\serialization</Filter>
    </ClInclude>
    <ClInclude Include="..\include\kumori\picojson_util.hpp">
      <Filter>include\util</Filter>
    </ClInclude>
    <ClInclude Include="..\include\kumori\oauth_20.hpp">
      <Filter>include\oauth</Filter>
    </ClInclude>
    <ClInclude Include="..\include\kumori\oauth_google.hpp">
      <Filter>include\oauth</Filter>
    </ClInclude>
    <ClInclude Include="..\include\kumori\sync.hpp">
      <Filter>include\sync</Filter>
    </ClInclude>
    <ClInclude Include="..\include\kumori\async_mutex_service.hpp">
      <Filter>include\sync</Filter>
    </ClInclude>
    <ClInclude Include="..\include\kumori\async_mutex.hpp">
      <Filter>include\sync</Filter>
    </ClInclude>
    <ClInclude Include="..\include\kumori\sync_lock.hpp">
      <Filter>include\sync</Filter>
    </ClInclude>
    <ClInclude Include="..\include\kumori\session_manager_config.hpp">
      <Filter>include\session-manager</Filter>
    </ClInclude>
    <ClInclude Include="..\include\kumori\plain_socket.hpp">
      <Filter>include\socket</Filter>
    </ClInclude>
    <ClInclude Include="..\include\kumori\wildcard.hpp">
      <Filter>include\util</Filter>
    </ClInclude>
    <ClInclude Include="..\include\kumori\csrf_token_content.hpp">
      <Filter>include\content</Filter>
    </ClInclude>
  </ItemGroup>
  <ItemGroup>
    <None Include="packages.config" />
  </ItemGroup>
</Project>